
Microsoft Visual Studio Solution File, Format Version 12.00
# Visual Studio 15
VisualStudioVersion = 15.0.28010.2046
MinimumVisualStudioVersion = 10.0.40219.1
Project("{FAE04EC0-301F-11D3-BF4B-00C04F79EFBC}") = "TaskServer", "TaskServer\TaskServer.csproj", "{7E9EE04D-3512-4D0D-A705-164EE8F16402}"
EndProject
Project("{FAE04EC0-301F-11D3-BF4B-00C04F79EFBC}") = "TaskServer.Test", "TaskServer.Test\TaskServer.Test.csproj", "{49C38E41-13FB-4824-A9F2-9C632B1DA144}"
EndProject
Global
	GlobalSection(SolutionConfigurationPlatforms) = preSolution
		Debug|Any CPU = Debug|Any CPU
		Release|Any CPU = Release|Any CPU
	EndGlobalSection
	GlobalSection(ProjectConfigurationPlatforms) = postSolution
		{7E9EE04D-3512-4D0D-A705-164EE8F16402}.Debug|Any CPU.ActiveCfg = Debug|Any CPU
		{7E9EE04D-3512-4D0D-A705-164EE8F16402}.Debug|Any CPU.Build.0 = Debug|Any CPU
		{7E9EE04D-3512-4D0D-A705-164EE8F16402}.Release|Any CPU.ActiveCfg = Release|Any CPU
		{7E9EE04D-3512-4D0D-A705-164EE8F16402}.Release|Any CPU.Build.0 = Release|Any CPU
		{49C38E41-13FB-4824-A9F2-9C632B1DA144}.Debug|Any CPU.ActiveCfg = Debug|Any CPU
		{49C38E41-13FB-4824-A9F2-9C632B1DA144}.Debug|Any CPU.Build.0 = Debug|Any CPU
		{49C38E41-13FB-4824-A9F2-9C632B1DA144}.Release|Any CPU.ActiveCfg = Release|Any CPU
		{49C38E41-13FB-4824-A9F2-9C632B1DA144}.Release|Any CPU.Build.0 = Release|Any CPU
	EndGlobalSection
	GlobalSection(SolutionProperties) = preSolution
		HideSolutionNode = FALSE
	EndGlobalSection
	GlobalSection(ExtensibilityGlobals) = postSolution
		SolutionGuid = {DD2830DE-89E3-4EE7-861E-AD47FCEBEEF9}
	EndGlobalSection
EndGlobal
